
Microsoft Visual Studio Solution File, Format Version 12.00
# Visual Studio Version 16
VisualStudioVersion = 16.0.31702.278
MinimumVisualStudioVersion = 10.0.40219.1
Project("{9A19103F-16F7-4668-BE54-9A1E7A4F7556}") = "ProductReviewManagement", "ProductReviewManagement\ProductReviewManagement.csproj", "{DD51E73F-5894-4FE5-BD10-D5059ABC295D}"
EndProject
Project("{FAE04EC0-301F-11D3-BF4B-00C04F79EFBC}") = "PRMTest", "PRMTest\PRMTest.csproj", "{795C02D6-57DF-486C-923A-736CCE92A8B6}"
EndProject
Global
	GlobalSection(SolutionConfigurationPlatforms) = preSolution
		Debug|Any CPU = Debug|Any CPU
		Release|Any CPU = Release|Any CPU
	EndGlobalSection
	GlobalSection(ProjectConfigurationPlatforms) = postSolution
		{DD51E73F-5894-4FE5-BD10-D5059ABC295D}.Debug|Any CPU.ActiveCfg = Debug|Any CPU
		{DD51E73F-5894-4FE5-BD10-D5059ABC295D}.Debug|Any CPU.Build.0 = Debug|Any CPU
		{DD51E73F-5894-4FE5-BD10-D5059ABC295D}.Release|Any CPU.ActiveCfg = Release|Any CPU
		{DD51E73F-5894-4FE5-BD10-D5059ABC295D}.Release|Any CPU.Build.0 = Release|Any CPU
		{795C02D6-57DF-486C-923A-736CCE92A8B6}.Debug|Any CPU.ActiveCfg = Debug|Any CPU
		{795C02D6-57DF-486C-923A-736CCE92A8B6}.Debug|Any CPU.Build.0 = Debug|Any CPU
		{795C02D6-57DF-486C-923A-736CCE92A8B6}.Release|Any CPU.ActiveCfg = Release|Any CPU
		{795C02D6-57DF-486C-923A-736CCE92A8B6}.Release|Any CPU.Build.0 = Release|Any CPU
	EndGlobalSection
	GlobalSection(SolutionProperties) = preSolution
		HideSolutionNode = FALSE
	EndGlobalSection
	GlobalSection(ExtensibilityGlobals) = postSolution
		SolutionGuid = {9C7090FD-EF0D-4C23-AC19-F401227DA2BF}
	EndGlobalSection
EndGlobal
